{
  "name": "copilot-review-fix-loop",
  "lockfileVersion": 3,
  "requires": true,
  "packages": {
    "": {
      "name": "copilot-review-fix-loop",
      "dependencies": {
        "@github/copilot": "1.0.24"
      }
    },
    "node_modules/@github/copilot": {
      "version": "1.0.24",
      "resolved": "https://registry.npmjs.org/@github/copilot/-/copilot-1.0.24.tgz",
      "integrity": "sha512-/nZ2GwhaGq0HeI3W+6LE0JGw25/bipC6tYVa+oQ5tIvAafBazuNt10CXkeaor+u9oBWLZtPbdTyAzE2tjy9NpQ==",
      "license": "SEE LICENSE IN LICENSE.md",
      "bin": {
        "copilot": "npm-loader.js"
      },
      "optionalDependencies": {
        "@github/copilot-darwin-arm64": "1.0.24",
        "@github/copilot-darwin-x64": "1.0.24",
        "@github/copilot-linux-arm64": "1.0.24",
        "@github/copilot-linux-x64": "1.0.24",
        "@github/copilot-win32-arm64": "1.0.24",
        "@github/copilot-win32-x64": "1.0.24"
      }
    },
    "node_modules/@github/copilot-darwin-arm64": {
      "version": "1.0.24",
      "resolved": "https://registry.npmjs.org/@github/copilot-darwin-arm64/-/copilot-darwin-arm64-1.0.24.tgz",
      "integrity": "sha512-lejn6KV+09rZEICX3nRx9a58DQFQ2kK3NJ3EICfVLngUCWIUmwn1BLezjeTQc9YNasHltA1hulvfsWqX+VjlMw==",
      "cpu": [
        "arm64"
      ],
      "license": "SEE LICENSE IN LICENSE.md",
      "optional": true,
      "os": [
        "darwin"
      ],
      "bin": {
        "copilot-darwin-arm64": "copilot"
      }
    },
    "node_modules/@github/copilot-darwin-x64": {
      "version": "1.0.24",
      "resolved": "https://registry.npmjs.org/@github/copilot-darwin-x64/-/copilot-darwin-x64-1.0.24.tgz",
      "integrity": "sha512-r2F3keTvr4Bunz3V+waRAvsHgqsVQGyIZFBebsNPWxBX1eh3IXgtBqxCR7vXTFyZonQ8VaiJH3YYEfAhyKsk9g==",
      "cpu": [
        "x64"
      ],
      "license": "SEE LICENSE IN LICENSE.md",
      "optional": true,
      "os": [
        "darwin"
      ],
      "bin": {
        "copilot-darwin-x64": "copilot"
      }
    },
    "node_modules/@github/copilot-linux-arm64": {
      "version": "1.0.24",
      "resolved": "https://registry.npmjs.org/@github/copilot-linux-arm64/-/copilot-linux-arm64-1.0.24.tgz",
      "integrity": "sha512-B3oANXKKKLhnKYozXa/W+DxfCQAHJCs0QKR5rBwNrwJbf656twNgALSxWTSJk+1rEP6MrHCswUAcwjwZL7Q+FQ==",
      "cpu": [
        "arm64"
      ],
      "license": "SEE LICENSE IN LICENSE.md",
      "optional": true,
      "os": [
        "linux"
      ],
      "bin": {
        "copilot-linux-arm64": "copilot"
      }
    },
    "node_modules/@github/copilot-linux-x64": {
      "version": "1.0.24",
      "resolved": "https://registry.npmjs.org/@github/copilot-linux-x64/-/copilot-linux-x64-1.0.24.tgz",
      "integrity": "sha512-NGTldizY54B+4Sfhu/GWoEQNMwqqUNgMwbSgBshFv+Hqy1EwuvNWKVov1Y0Vzhp4qAHc6ZxBk/OPIW8Ato9FUg==",
      "cpu": [
        "x64"
      ],
      "license": "SEE LICENSE IN LICENSE.md",
      "optional": true,
      "os": [
        "linux"
      ],
      "bin": {
        "copilot-linux-x64": "copilot"
      }
    },
    "node_modules/@github/copilot-win32-arm64": {
      "version": "1.0.24",
      "resolved": "https://registry.npmjs.org/@github/copilot-win32-arm64/-/copilot-win32-arm64-1.0.24.tgz",
      "integrity": "sha512-/pd/kgef7/HIIg1SQq4q8fext39pDSC44jHB10KkhfgG1WaDFhQbc/aSSMQfxeldkRbQh6VANp8WtGQdwtMCBA==",
      "cpu": [
        "arm64"
      ],
      "license": "SEE LICENSE IN LICENSE.md",
      "optional": true,
      "os": [
        "win32"
      ],
      "bin": {
        "copilot-win32-arm64": "copilot.exe"
      }
    },
    "node_modules/@github/copilot-win32-x64": {
      "version": "1.0.24",
      "resolved": "https://registry.npmjs.org/@github/copilot-win32-x64/-/copilot-win32-x64-1.0.24.tgz",
      "integrity": "sha512-RDvOiSvyEJwELqErwANJTrdRuMIHkwPE4QK7Le7WsmaSKxiuS4H1Pa8Yxnd2FWrMsCHEbase23GJlymbnGYLXQ==",
      "cpu": [
        "x64"
      ],
      "license": "SEE LICENSE IN LICENSE.md",
      "optional": true,
      "os": [
        "win32"
      ],
      "bin": {
        "copilot-win32-x64": "copilot.exe"
      }
    }
  }
}
